
Microsoft Visual Studio Solution File, Format Version 12.00
# Visual Studio Express 15 for Windows Desktop
VisualStudioVersion = 15.0.27703.2047
MinimumVisualStudioVersion = 10.0.40219.1
Project("{FAE04EC0-301F-11D3-BF4B-00C04F79EFBC}") = "OOPs", "OOPs\OOPs.csproj", "{2B497BB7-EB0F-4411-BA62-2EF21BF6FFD6}"
EndProject
Project("{FAE04EC0-301F-11D3-BF4B-00C04F79EFBC}") = "BankManagement", "BankManagement\BankManagement.csproj", "{03F0F1D6-294C-409E-A664-3180E8071755}"
EndProject
Project("{FAE04EC0-301F-11D3-BF4B-00C04F79EFBC}") = "OnlineShoppingCart", "OnlineShoppingCart\OnlineShoppingCart.csproj", "{BF9B33B8-4467-4599-9F5A-206903F4B080}"
EndProject
Global
	GlobalSection(SolutionConfigurationPlatforms) = preSolution
		Debug|Any CPU = Debug|Any CPU
		Release|Any CPU = Release|Any CPU
	EndGlobalSection
	GlobalSection(ProjectConfigurationPlatforms) = postSolution
		{2B497BB7-EB0F-4411-BA62-2EF21BF6FFD6}.Debug|Any CPU.ActiveCfg = Debug|Any CPU
		{2B497BB7-EB0F-4411-BA62-2EF21BF6FFD6}.Debug|Any CPU.Build.0 = Debug|Any CPU
		{2B497BB7-EB0F-4411-BA62-2EF21BF6FFD6}.Release|Any CPU.ActiveCfg = Release|Any CPU
		{2B497BB7-EB0F-4411-BA62-2EF21BF6FFD6}.Release|Any CPU.Build.0 = Release|Any CPU
		{03F0F1D6-294C-409E-A664-3180E8071755}.Debug|Any CPU.ActiveCfg = Debug|Any CPU
		{03F0F1D6-294C-409E-A664-3180E8071755}.Debug|Any CPU.Build.0 = Debug|Any CPU
		{03F0F1D6-294C-409E-A664-3180E8071755}.Release|Any CPU.ActiveCfg = Release|Any CPU
		{03F0F1D6-294C-409E-A664-3180E8071755}.Release|Any CPU.Build.0 = Release|Any CPU
		{BF9B33B8-4467-4599-9F5A-206903F4B080}.Debug|Any CPU.ActiveCfg = Debug|Any CPU
		{BF9B33B8-4467-4599-9F5A-206903F4B080}.Debug|Any CPU.Build.0 = Debug|Any CPU
		{BF9B33B8-4467-4599-9F5A-206903F4B080}.Release|Any CPU.ActiveCfg = Release|Any CPU
		{BF9B33B8-4467-4599-9F5A-206903F4B080}.Release|Any CPU.Build.0 = Release|Any CPU
	EndGlobalSection
	GlobalSection(SolutionProperties) = preSolution
		HideSolutionNode = FALSE
	EndGlobalSection
	GlobalSection(ExtensibilityGlobals) = postSolution
		SolutionGuid = {2288F28D-811F-49C4-9E5F-C335C86D449B}
	EndGlobalSection
EndGlobal
